// !$*UTF8*$!
{
	archiveVersion = 1;
	classes = {
	};
	objectVersion = 50;
	objects = {

/* Begin PBXBuildFile section */
		082BA99625A1EA7900F4CC81 /* AppDelegate.swift in Sources */ = {isa = PBXBuildFile; fileRef = 082BA99525A1EA7900F4CC81 /* AppDelegate.swift */; };
		082BA99825A1EA7900F4CC81 /* SceneDelegate.swift in Sources */ = {isa = PBXBuildFile; fileRef = 082BA99725A1EA7900F4CC81 /* SceneDelegate.swift */; };
		082BA99D25A1EA7A00F4CC81 /* LazyGrid.xcdatamodeld in Sources */ = {isa = PBXBuildFile; fileRef = 082BA99B25A1EA7A00F4CC81 /* LazyGrid.xcdatamodeld */; };
		082BA99F25A1EA7B00F4CC81 /* Assets.xcassets in Resources */ = {isa = PBXBuildFile; fileRef = 082BA99E25A1EA7B00F4CC81 /* Assets.xcassets */; };
		082BA9A225A1EA7B00F4CC81 /* Preview Assets.xcassets in Resources */ = {isa = PBXBuildFile; fileRef = 082BA9A125A1EA7B00F4CC81 /* Preview Assets.xcassets */; };
		082BA9A525A1EA7B00F4CC81 /* LaunchScreen.storyboard in Resources */ = {isa = PBXBuildFile; fileRef = 082BA9A325A1EA7B00F4CC81 /* LaunchScreen.storyboard */; };
		082BA9B025A1EA7B00F4CC81 /* LazyGridTests.swift in Sources */ = {isa = PBXBuildFile; fileRef = 082BA9AF25A1EA7B00F4CC81 /* LazyGridTests.swift */; };
		082BA9BB25A1EA7B00F4CC81 /* LazyGridUITests.swift in Sources */ = {isa = PBXBuildFile; fileRef = 082BA9BA25A1EA7B00F4CC81 /* LazyGridUITests.swift */; };
		082BA9CE25A1EB2900F4CC81 /* LazyVGridScreen.swift in Sources */ = {isa = PBXBuildFile; fileRef = 082BA9CD25A1EB2900F4CC81 /* LazyVGridScreen.swift */; };
/* End PBXBuildFile section */

/* Begin PBXContainerItemProxy section */
		082BA9AC25A1EA7B00F4CC81 /* PBXContainerItemProxy */ = {
			isa = PBXContainerItemProxy;
			containerPortal = 082BA98A25A1EA7900F4CC81 /* Project object */;
			proxyType = 1;
			remoteGlobalIDString = 082BA99125A1EA7900F4CC81;
			remoteInfo = LazyGrid;
		};
		082BA9B725A1EA7B00F4CC81 /* PBXContainerItemProxy */ = {
			isa = PBXContainerItemProxy;
			containerPortal = 082BA98A25A1EA7900F4CC81 /* Project object */;
			proxyType = 1;
			remoteGlobalIDString = 082BA99125A1EA7900F4CC81;
			remoteInfo = LazyGrid;
		};
/* End PBXContainerItemProxy section */

/* Begin PBXFileReference section */
		082BA99225A1EA7900F4CC81 /* LazyGrid.app */ = {isa = PBXFileReference; explicitFileType = wrapper.application; includeInIndex = 0; path = LazyGrid.app; sourceTree = BUILT_PRODUCTS_DIR; };
		082BA99525A1EA7900F4CC81 /* AppDelegate.swift */ = {isa = PBXFileReference; lastKnownFileType = sourcecode.swift; path = AppDelegate.swift; sourceTree = "<group>"; };
		082BA99725A1EA7900F4CC81 /* SceneDelegate.swift */ = {isa = PBXFileReference; lastKnownFileType = sourcecode.swift; path = SceneDelegate.swift; sourceTree = "<group>"; };
		082BA99C25A1EA7A00F4CC81 /* LazyGrid.xcdatamodel */ = {isa = PBXFileReference; lastKnownFileType = wrapper.xcdatamodel; path = LazyGrid.xcdatamodel; sourceTree = "<group>"; };
		082BA99E25A1EA7B00F4CC81 /* Assets.xcassets */ = {isa = PBXFileReference; lastKnownFileType = folder.assetcatalog; path = Assets.xcassets; sourceTree = "<group>"; };
		082BA9A125A1EA7B00F4CC81 /* Preview Assets.xcassets */ = {isa = PBXFileReference; lastKnownFileType = folder.assetcatalog; path = "Preview Assets.xcassets"; sourceTree = "<group>"; };
		082BA9A425A1EA7B00F4CC81 /* Base */ = {isa = PBXFileReference; lastKnownFileType = file.storyboard; name = Base; path = Base.lproj/LaunchScreen.storyboard; sourceTree = "<group>"; };
		082BA9A625A1EA7B00F4CC81 /* Info.plist */ = {isa = PBXFileReference; lastKnownFileType = text.plist.xml; path = Info.plist; sourceTree = "<group>"; };
		082BA9AB25A1EA7B00F4CC81 /* LazyGridTests.xctest */ = {isa = PBXFileReference; explicitFileType = wrapper.cfbundle; includeInIndex = 0; path = LazyGridTests.xctest; sourceTree = BUILT_PRODUCTS_DIR; };
		082BA9AF25A1EA7B00F4CC81 /* LazyGridTests.swift */ = {isa = PBXFileReference; lastKnownFileType = sourcecode.swift; path = LazyGridTests.swift; sourceTree = "<group>"; };
		082BA9B125A1EA7B00F4CC81 /* Info.plist */ = {isa = PBXFileReference; lastKnownFileType = text.plist.xml; path = Info.plist; sourceTree = "<group>"; };
		082BA9B625A1EA7B00F4CC81 /* LazyGridUITests.xctest */ = {isa = PBXFileReference; explicitFileType = wrapper.cfbundle; includeInIndex = 0; path = LazyGridUITests.xctest; sourceTree = BUILT_PRODUCTS_DIR; };
		082BA9BA25A1EA7B00F4CC81 /* LazyGridUITests.swift */ = {isa = PBXFileReference; lastKnownFileType = sourcecode.swift; path = LazyGridUITests.swift; sourceTree = "<group>"; };
		082BA9BC25A1EA7B00F4CC81 /* Info.plist */ = {isa = PBXFileReference; lastKnownFileType = text.plist.xml; path = Info.plist; sourceTree = "<group>"; };
		082BA9CD25A1EB2900F4CC81 /* LazyVGridScreen.swift */ = {isa = PBXFileReference; lastKnownFileType = sourcecode.swift; path = LazyVGridScreen.swift; sourceTree = "<group>"; };
/* End PBXFileReference section */

/* Begin PBXFrameworksBuildPhase section */
		082BA98F25A1EA7900F4CC81 /* Frameworks */ = {
			isa = PBXFrameworksBuildPhase;
			buildActionMask = 2147483647;
			files = (
			);
			runOnlyForDeploymentPostprocessing = 0;
		};
		082BA9A825A1EA7B00F4CC81 /* Frameworks */ = {
			isa = PBXFrameworksBuildPhase;
			buildActionMask = 2147483647;
			files = (
			);
			runOnlyForDeploymentPostprocessing = 0;
		};
		082BA9B325A1EA7B00F4CC81 /* Frameworks */ = {
			isa = PBXFrameworksBuildPhase;
			buildActionMask = 2147483647;
			files = (
			);
			runOnlyForDeploymentPostprocessing = 0;
		};
/* End PBXFrameworksBuildPhase section */

/* Begin PBXGroup section */
		082BA98925A1EA7900F4CC81 = {
			isa = PBXGroup;
			children = (
				082BA99425A1EA7900F4CC81 /* LazyGrid */,
				082BA9AE25A1EA7B00F4CC81 /* LazyGridTests */,
				082BA9B925A1EA7B00F4CC81 /* LazyGridUITests */,
				082BA99325A1EA7900F4CC81 /* Products */,
			);
			sourceTree = "<group>";
		};
		082BA99325A1EA7900F4CC81 /* Products */ = {
			isa = PBXGroup;
			children = (
				082BA99225A1EA7900F4CC81 /* LazyGrid.app */,
				082BA9AB25A1EA7B00F4CC81 /* LazyGridTests.xctest */,
				082BA9B625A1EA7B00F4CC81 /* LazyGridUITests.xctest */,
			);
			name = Products;
			sourceTree = "<group>";
		};
		082BA99425A1EA7900F4CC81 /* LazyGrid */ = {
			isa = PBXGroup;
			children = (
				082BA9CC25A1EAF100F4CC81 /* screens */,
				082BA9CB25A1EAEA00F4CC81 /* apputils */,
				082BA99525A1EA7900F4CC81 /* AppDelegate.swift */,
				082BA99725A1EA7900F4CC81 /* SceneDelegate.swift */,
				082BA9A625A1EA7B00F4CC81 /* Info.plist */,
				082BA9A025A1EA7B00F4CC81 /* Preview Content */,
			);
			path = LazyGrid;
			sourceTree = "<group>";
		};
		082BA9A025A1EA7B00F4CC81 /* Preview Content */ = {
			isa = PBXGroup;
			children = (
				082BA9A125A1EA7B00F4CC81 /* Preview Assets.xcassets */,
			);
			path = "Preview Content";
			sourceTree = "<group>";
		};
		082BA9AE25A1EA7B00F4CC81 /* LazyGridTests */ = {
			isa = PBXGroup;
			children = (
				082BA9AF25A1EA7B00F4CC81 /* LazyGridTests.swift */,
				082BA9B125A1EA7B00F4CC81 /* Info.plist */,
			);
			path = LazyGridTests;
			sourceTree = "<group>";
		};
		082BA9B925A1EA7B00F4CC81 /* LazyGridUITests */ = {
			isa = PBXGroup;
			children = (
				082BA9BA25A1EA7B00F4CC81 /* LazyGridUITests.swift */,
				082BA9BC25A1EA7B00F4CC81 /* Info.plist */,
			);
			path = LazyGridUITests;
			sourceTree = "<group>";
		};
		082BA9CB25A1EAEA00F4CC81 /* apputils */ = {
			isa = PBXGroup;
			children = (
				082BA9A325A1EA7B00F4CC81 /* LaunchScreen.storyboard */,
				082BA99B25A1EA7A00F4CC81 /* LazyGrid.xcdatamodeld */,
				082BA99E25A1EA7B00F4CC81 /* Assets.xcassets */,
			);
			path = apputils;
			sourceTree = "<group>";
		};
		082BA9CC25A1EAF100F4CC81 /* screens */ = {
			isa = PBXGroup;
			children = (
				082BA9CD25A1EB2900F4CC81 /* LazyVGridScreen.swift */,
			);
			path = screens;
			sourceTree = "<group>";
		};
/* End PBXGroup section */

/* Begin PBXNativeTarget section */
		082BA99125A1EA7900F4CC81 /* LazyGrid */ = {
			isa = PBXNativeTarget;
			buildConfigurationList = 082BA9BF25A1EA7B00F4CC81 /* Build configuration list for PBXNativeTarget "LazyGrid" */;
			buildPhases = (
				082BA98E25A1EA7900F4CC81 /* Sources */,
				082BA98F25A1EA7900F4CC81 /* Frameworks */,
				082BA99025A1EA7900F4CC81 /* Resources */,
			);
			buildRules = (
			);
			dependencies = (
			);
			name = LazyGrid;
			productName = LazyGrid;
			productReference = 082BA99225A1EA7900F4CC81 /* LazyGrid.app */;
			productType = "com.apple.product-type.application";
		};
		082BA9AA25A1EA7B00F4CC81 /* LazyGridTests */ = {
			isa = PBXNativeTarget;
			buildConfigurationList = 082BA9C225A1EA7B00F4CC81 /* Build configuration list for PBXNativeTarget "LazyGridTests" */;
			buildPhases = (
				082BA9A725A1EA7B00F4CC81 /* Sources */,
				082BA9A825A1EA7B00F4CC81 /* Frameworks */,
				082BA9A925A1EA7B00F4CC81 /* Resources */,
			);
			buildRules = (
			);
			dependencies = (
				082BA9AD25A1EA7B00F4CC81 /* PBXTargetDependency */,
			);
			name = LazyGridTests;
			productName = LazyGridTests;
			productReference = 082BA9AB25A1EA7B00F4CC81 /* LazyGridTests.xctest */;
			productType = "com.apple.product-type.bundle.unit-test";
		};
		082BA9B525A1EA7B00F4CC81 /* LazyGridUITests */ = {
			isa = PBXNativeTarget;
			buildConfigurationList = 082BA9C525A1EA7B00F4CC81 /* Build configuration list for PBXNativeTarget "LazyGridUITests" */;
			buildPhases = (
				082BA9B225A1EA7B00F4CC81 /* Sources */,
				082BA9B325A1EA7B00F4CC81 /* Frameworks */,
				082BA9B425A1EA7B00F4CC81 /* Resources */,
			);
			buildRules = (
			);
			dependencies = (
				082BA9B825A1EA7B00F4CC81 /* PBXTargetDependency */,
			);
			name = LazyGridUITests;
			productName = LazyGridUITests;
			productReference = 082BA9B625A1EA7B00F4CC81 /* LazyGridUITests.xctest */;
			productType = "com.apple.product-type.bundle.ui-testing";
		};
/* End PBXNativeTarget section */

/* Begin PBXProject section */
		082BA98A25A1EA7900F4CC81 /* Project object */ = {
			isa = PBXProject;
			attributes = {
				LastSwiftUpdateCheck = 1230;
				LastUpgradeCheck = 1230;
				TargetAttributes = {
					082BA99125A1EA7900F4CC81 = {
						CreatedOnToolsVersion = 12.3;
					};
					082BA9AA25A1EA7B00F4CC81 = {
						CreatedOnToolsVersion = 12.3;
						TestTargetID = 082BA99125A1EA7900F4CC81;
					};
					082BA9B525A1EA7B00F4CC81 = {
						CreatedOnToolsVersion = 12.3;
						TestTargetID = 082BA99125A1EA7900F4CC81;
					};
				};
			};
			buildConfigurationList = 082BA98D25A1EA7900F4CC81 /* Build configuration list for PBXProject "LazyGrid" */;
			compatibilityVersion = "Xcode 9.3";
			developmentRegion = en;
			hasScannedForEncodings = 0;
			knownRegions = (
				en,
				Base,
			);
			mainGroup = 082BA98925A1EA7900F4CC81;
			productRefGroup = 082BA99325A1EA7900F4CC81 /* Products */;
			projectDirPath = "";
			projectRoot = "";
			targets = (
				082BA99125A1EA7900F4CC81 /* LazyGrid */,
				082BA9AA25A1EA7B00F4CC81 /* LazyGridTests */,
				082BA9B525A1EA7B00F4CC81 /* LazyGridUITests */,
			);
		};
/* End PBXProject section */

/* Begin PBXResourcesBuildPhase section */
		082BA99025A1EA7900F4CC81 /* Resources */ = {
			isa = PBXResourcesBuildPhase;
			buildActionMask = 2147483647;
			files = (
				082BA9A525A1EA7B00F4CC81 /* LaunchScreen.storyboard in Resources */,
				082BA9A225A1EA7B00F4CC81 /* Preview Assets.xcassets in Resources */,
				082BA99F25A1EA7B00F4CC81 /* Assets.xcassets in Resources */,
			);
			runOnlyForDeploymentPostprocessing = 0;
		};
		082BA9A925A1EA7B00F4CC81 /* Resources */ = {
			isa = PBXResourcesBuildPhase;
			buildActionMask = 2147483647;
			files = (
			);
			runOnlyForDeploymentPostprocessing = 0;
		};
		082BA9B425A1EA7B00F4CC81 /* Resources */ = {
			isa = PBXResourcesBuildPhase;
			buildActionMask = 2147483647;
			files = (
			);
			runOnlyForDeploymentPostprocessing = 0;
		};
/* End PBXResourcesBuildPhase section */

/* Begin PBXSourcesBuildPhase section */
		082BA98E25A1EA7900F4CC81 /* Sources */ = {
			isa = PBXSourcesBuildPhase;
			buildActionMask = 2147483647;
			files = (
				082BA9CE25A1EB2900F4CC81 /* LazyVGridScreen.swift in Sources */,
				082BA99625A1EA7900F4CC81 /* AppDelegate.swift in Sources */,
				082BA99825A1EA7900F4CC81 /* SceneDelegate.swift in Sources */,
				082BA99D25A1EA7A00F4CC81 /* LazyGrid.xcdatamodeld in Sources */,
			);
			runOnlyForDeploymentPostprocessing = 0;
		};
		082BA9A725A1EA7B00F4CC81 /* Sources */ = {
			isa = PBXSourcesBuildPhase;
			buildActionMask = 2147483647;
			files = (
				082BA9B025A1EA7B00F4CC81 /* LazyGridTests.swift in Sources */,
			);
			runOnlyForDeploymentPostprocessing = 0;
		};
		082BA9B225A1EA7B00F4CC81 /* Sources */ = {
			isa = PBXSourcesBuildPhase;
			buildActionMask = 2147483647;
			files = (
				082BA9BB25A1EA7B00F4CC81 /* LazyGridUITests.swift in Sources */,
			);
			runOnlyForDeploymentPostprocessing = 0;
		};
/* End PBXSourcesBuildPhase section */

/* Begin PBXTargetDependency section */
		082BA9AD25A1EA7B00F4CC81 /* PBXTargetDependency */ = {
			isa = PBXTargetDependency;
			target = 082BA99125A1EA7900F4CC81 /* LazyGrid */;
			targetProxy = 082BA9AC25A1EA7B00F4CC81 /* PBXContainerItemProxy */;
		};
		082BA9B825A1EA7B00F4CC81 /* PBXTargetDependency */ = {
			isa = PBXTargetDependency;
			target = 082BA99125A1EA7900F4CC81 /* LazyGrid */;
			targetProxy = 082BA9B725A1EA7B00F4CC81 /* PBXContainerItemProxy */;
		};
/* End PBXTargetDependency section */

/* Begin PBXVariantGroup section */
		082BA9A325A1EA7B00F4CC81 /* LaunchScreen.storyboard */ = {
			isa = PBXVariantGroup;
			children = (
				082BA9A425A1EA7B00F4CC81 /* Base */,
			);
			name = LaunchScreen.storyboard;
			sourceTree = "<group>";
		};
/* End PBXVariantGroup section */

/* Begin XCBuildConfiguration section */
		082BA9BD25A1EA7B00F4CC81 /* Debug */ = {
			isa = XCBuildConfiguration;
			buildSettings = {
				ALWAYS_SEARCH_USER_PATHS = NO;
				CLANG_ANALYZER_NONNULL = YES;
				CLANG_ANALYZER_NUMBER_OBJECT_CONVERSION = YES_AGGRESSIVE;
				CLANG_CXX_LANGUAGE_STANDARD = "gnu++14";
				CLANG_CXX_LIBRARY = "libc++";
				CLANG_ENABLE_MODULES = YES;
				CLANG_ENABLE_OBJC_ARC = YES;
				CLANG_ENABLE_OBJC_WEAK = YES;
				CLANG_WARN_BLOCK_CAPTURE_AUTORELEASING = YES;
				CLANG_WARN_BOOL_CONVERSION = YES;
				CLANG_WARN_COMMA = YES;
				CLANG_WARN_CONSTANT_CONVERSION = YES;
				CLANG_WARN_DEPRECATED_OBJC_IMPLEMENTATIONS = YES;
				CLANG_WARN_DIRECT_OBJC_ISA_USAGE = YES_ERROR;
				CLANG_WARN_DOCUMENTATION_COMMENTS = YES;
				CLANG_WARN_EMPTY_BODY = YES;
				CLANG_WARN_ENUM_CONVERSION = YES;
				CLANG_WARN_INFINITE_RECURSION = YES;
				CLANG_WARN_INT_CONVERSION = YES;
				CLANG_WARN_NON_LITERAL_NULL_CONVERSION = YES;
				CLANG_WARN_OBJC_IMPLICIT_RETAIN_SELF = YES;
				CLANG_WARN_OBJC_LITERAL_CONVERSION = YES;
				CLANG_WARN_OBJC_ROOT_CLASS = YES_ERROR;
				CLANG_WARN_QUOTED_INCLUDE_IN_FRAMEWORK_HEADER = YES;
				CLANG_WARN_RANGE_LOOP_ANALYSIS = YES;
				CLANG_WARN_STRICT_PROTOTYPES = YES;
				CLANG_WARN_SUSPICIOUS_MOVE = YES;
				CLANG_WARN_UNGUARDED_AVAILABILITY = YES_AGGRESSIVE;
				CLANG_WARN_UNREACHABLE_CODE = YES;
				CLANG_WARN__DUPLICATE_METHOD_MATCH = YES;
				COPY_PHASE_STRIP = NO;
				DEBUG_INFORMATION_FORMAT = dwarf;
				ENABLE_STRICT_OBJC_MSGSEND = YES;
				ENABLE_TESTABILITY = YES;
				GCC_C_LANGUAGE_STANDARD = gnu11;
				GCC_DYNAMIC_NO_PIC = NO;
				GCC_NO_COMMON_BLOCKS = YES;
				GCC_OPTIMIZATION_LEVEL = 0;
				GCC_PREPROCESSOR_DEFINITIONS = (
					"DEBUG=1",
					"$(inherited)",
				);
				GCC_WARN_64_TO_32_BIT_CONVERSION = YES;
				GCC_WARN_ABOUT_RETURN_TYPE = YES_ERROR;
				GCC_WARN_UNDECLARED_SELECTOR = YES;
				GCC_WARN_UNINITIALIZED_AUTOS = YES_AGGRESSIVE;
				GCC_WARN_UNUSED_FUNCTION = YES;
				GCC_WARN_UNUSED_VARIABLE = YES;
				IPHONEOS_DEPLOYMENT_TARGET = 14.3;
				MTL_ENABLE_DEBUG_INFO = INCLUDE_SOURCE;
				MTL_FAST_MATH = YES;
				ONLY_ACTIVE_ARCH = YES;
				SDKROOT = iphoneos;
				SWIFT_ACTIVE_COMPILATION_CONDITIONS = DEBUG;
				SWIFT_OPTIMIZATION_LEVEL = "-Onone";
			};
			name = Debug;
		};
		082BA9BE25A1EA7B00F4CC81 /* Release */ = {
			isa = XCBuildConfiguration;
			buildSettings = {
				ALWAYS_SEARCH_USER_PATHS = NO;
				CLANG_ANALYZER_NONNULL = YES;
				CLANG_ANALYZER_NUMBER_OBJECT_CONVERSION = YES_AGGRESSIVE;
				CLANG_CXX_LANGUAGE_STANDARD = "gnu++14";
				CLANG_CXX_LIBRARY = "libc++";
				CLANG_ENABLE_MODULES = YES;
				CLANG_ENABLE_OBJC_ARC = YES;
				CLANG_ENABLE_OBJC_WEAK = YES;
				CLANG_WARN_BLOCK_CAPTURE_AUTORELEASING = YES;
				CLANG_WARN_BOOL_CONVERSION = YES;
				CLANG_WARN_COMMA = YES;
				CLANG_WARN_CONSTANT_CONVERSION = YES;
				CLANG_WARN_DEPRECATED_OBJC_IMPLEMENTATIONS = YES;
				CLANG_WARN_DIRECT_OBJC_ISA_USAGE = YES_ERROR;
				CLANG_WARN_DOCUMENTATION_COMMENTS = YES;
				CLANG_WARN_EMPTY_BODY = YES;
				CLANG_WARN_ENUM_CONVERSION = YES;
				CLANG_WARN_INFINITE_RECURSION = YES;
				CLANG_WARN_INT_CONVERSION = YES;
				CLANG_WARN_NON_LITERAL_NULL_CONVERSION = YES;
				CLANG_WARN_OBJC_IMPLICIT_RETAIN_SELF = YES;
				CLANG_WARN_OBJC_LITERAL_CONVERSION = YES;
				CLANG_WARN_OBJC_ROOT_CLASS = YES_ERROR;
				CLANG_WARN_QUOTED_INCLUDE_IN_FRAMEWORK_HEADER = YES;
				CLANG_WARN_RANGE_LOOP_ANALYSIS = YES;
				CLANG_WARN_STRICT_PROTOTYPES = YES;
				CLANG_WARN_SUSPICIOUS_MOVE = YES;
				CLANG_WARN_UNGUARDED_AVAILABILITY = YES_AGGRESSIVE;
				CLANG_WARN_UNREACHABLE_CODE = YES;
				CLANG_WARN__DUPLICATE_METHOD_MATCH = YES;
				COPY_PHASE_STRIP = NO;
				DEBUG_INFORMATION_FORMAT = "dwarf-with-dsym";
				ENABLE_NS_ASSERTIONS = NO;
				ENABLE_STRICT_OBJC_MSGSEND = YES;
				GCC_C_LANGUAGE_STANDARD = gnu11;
				GCC_NO_COMMON_BLOCKS = YES;
				GCC_WARN_64_TO_32_BIT_CONVERSION = YES;
				GCC_WARN_ABOUT_RETURN_TYPE = YES_ERROR;
				GCC_WARN_UNDECLARED_SELECTOR = YES;
				GCC_WARN_UNINITIALIZED_AUTOS = YES_AGGRESSIVE;
				GCC_WARN_UNUSED_FUNCTION = YES;
				GCC_WARN_UNUSED_VARIABLE = YES;
				IPHONEOS_DEPLOYMENT_TARGET = 14.3;
				MTL_ENABLE_DEBUG_INFO = NO;
				MTL_FAST_MATH = YES;
				SDKROOT = iphoneos;
				SWIFT_COMPILATION_MODE = wholemodule;
				SWIFT_OPTIMIZATION_LEVEL = "-O";
				VALIDATE_PRODUCT = YES;
			};
			name = Release;
		};
		082BA9C025A1EA7B00F4CC81 /* Debug */ = {
			isa = XCBuildConfiguration;
			buildSettings = {
				ASSETCATALOG_COMPILER_APPICON_NAME = AppIcon;
				ASSETCATALOG_COMPILER_GLOBAL_ACCENT_COLOR_NAME = AccentColor;
				CODE_SIGN_STYLE = Automatic;
				DEVELOPMENT_ASSET_PATHS = "\"LazyGrid/Preview Content\"";
				DEVELOPMENT_TEAM = ZBCH42888L;
				ENABLE_PREVIEWS = YES;
				INFOPLIST_FILE = LazyGrid/Info.plist;
				LD_RUNPATH_SEARCH_PATHS = (
					"$(inherited)",
					"@executable_path/Frameworks",
				);
				PRODUCT_BUNDLE_IDENTIFIER = swift.LazyGrid;
				PRODUCT_NAME = "$(TARGET_NAME)";
				SWIFT_VERSION = 5.0;
				TARGETED_DEVICE_FAMILY = "1,2";
			};
			name = Debug;
		};
		082BA9C125A1EA7B00F4CC81 /* Release */ = {
			isa = XCBuildConfiguration;
			buildSettings = {
				ASSETCATALOG_COMPILER_APPICON_NAME = AppIcon;
				ASSETCATALOG_COMPILER_GLOBAL_ACCENT_COLOR_NAME = AccentColor;
				CODE_SIGN_STYLE = Automatic;
				DEVELOPMENT_ASSET_PATHS = "\"LazyGrid/Preview Content\"";
				DEVELOPMENT_TEAM = ZBCH42888L;
				ENABLE_PREVIEWS = YES;
				INFOPLIST_FILE = LazyGrid/Info.plist;
				LD_RUNPATH_SEARCH_PATHS = (
					"$(inherited)",
					"@executable_path/Frameworks",
				);
				PRODUCT_BUNDLE_IDENTIFIER = swift.LazyGrid;
				PRODUCT_NAME = "$(TARGET_NAME)";
				SWIFT_VERSION = 5.0;
				TARGETED_DEVICE_FAMILY = "1,2";
			};
			name = Release;
		};
		082BA9C325A1EA7B00F4CC81 /* Debug */ = {
			isa = XCBuildConfiguration;
			buildSettings = {
				ALWAYS_EMBED_SWIFT_STANDARD_LIBRARIES = YES;
				BUNDLE_LOADER = "$(TEST_HOST)";
				CODE_SIGN_STYLE = Automatic;
				DEVELOPMENT_TEAM = ZBCH42888L;
				INFOPLIST_FILE = LazyGridTests/Info.plist;
				IPHONEOS_DEPLOYMENT_TARGET = 14.3;
				LD_RUNPATH_SEARCH_PATHS = (
					"$(inherited)",
					"@executable_path/Frameworks",
					"@loader_path/Frameworks",
				);
				PRODUCT_BUNDLE_IDENTIFIER = swift.LazyGridTests;
				PRODUCT_NAME = "$(TARGET_NAME)";
				SWIFT_VERSION = 5.0;
				TARGETED_DEVICE_FAMILY = "1,2";
				TEST_HOST = "$(BUILT_PRODUCTS_DIR)/LazyGrid.app/LazyGrid";
			};
			name = Debug;
		};
		082BA9C425A1EA7B00F4CC81 /* Release */ = {
			isa = XCBuildConfiguration;
			buildSettings = {
				ALWAYS_EMBED_SWIFT_STANDARD_LIBRARIES = YES;
				BUNDLE_LOADER = "$(TEST_HOST)";
				CODE_SIGN_STYLE = Automatic;
				DEVELOPMENT_TEAM = ZBCH42888L;
				INFOPLIST_FILE = LazyGridTests/Info.plist;
				IPHONEOS_DEPLOYMENT_TARGET = 14.3;
				LD_RUNPATH_SEARCH_PATHS = (
					"$(inherited)",
					"@executable_path/Frameworks",
					"@loader_path/Frameworks",
				);
				PRODUCT_BUNDLE_IDENTIFIER = swift.LazyGridTests;
				PRODUCT_NAME = "$(TARGET_NAME)";
				SWIFT_VERSION = 5.0;
				TARGETED_DEVICE_FAMILY = "1,2";
				TEST_HOST = "$(BUILT_PRODUCTS_DIR)/LazyGrid.app/LazyGrid";
			};
			name = Release;
		};
		082BA9C625A1EA7B00F4CC81 /* Debug */ = {
			isa = XCBuildConfiguration;
			buildSettings = {
				ALWAYS_EMBED_SWIFT_STANDARD_LIBRARIES = YES;
				CODE_SIGN_STYLE = Automatic;
				DEVELOPMENT_TEAM = ZBCH42888L;
				INFOPLIST_FILE = LazyGridUITests/Info.plist;
				LD_RUNPATH_SEARCH_PATHS = (
					"$(inherited)",
					"@executable_path/Frameworks",
					"@loader_path/Frameworks",
				);
				PRODUCT_BUNDLE_IDENTIFIER = swift.LazyGridUITests;
				PRODUCT_NAME = "$(TARGET_NAME)";
				SWIFT_VERSION = 5.0;
				TARGETED_DEVICE_FAMILY = "1,2";
				TEST_TARGET_NAME = LazyGrid;
			};
			name = Debug;
		};
		082BA9C725A1EA7B00F4CC81 /* Release */ = {
			isa = XCBuildConfiguration;
			buildSettings = {
				ALWAYS_EMBED_SWIFT_STANDARD_LIBRARIES = YES;
				CODE_SIGN_STYLE = Automatic;
				DEVELOPMENT_TEAM = ZBCH42888L;
				INFOPLIST_FILE = LazyGridUITests/Info.plist;
				LD_RUNPATH_SEARCH_PATHS = (
					"$(inherited)",
					"@executable_path/Frameworks",
					"@loader_path/Frameworks",
				);
				PRODUCT_BUNDLE_IDENTIFIER = swift.LazyGridUITests;
				PRODUCT_NAME = "$(TARGET_NAME)";
				SWIFT_VERSION = 5.0;
				TARGETED_DEVICE_FAMILY = "1,2";
				TEST_TARGET_NAME = LazyGrid;
			};
			name = Release;
		};
/* End XCBuildConfiguration section */

/* Begin XCConfigurationList section */
		082BA98D25A1EA7900F4CC81 /* Build configuration list for PBXProject "LazyGrid" */ = {
			isa = XCConfigurationList;
			buildConfigurations = (
				082BA9BD25A1EA7B00F4CC81 /* Debug */,
				082BA9BE25A1EA7B00F4CC81 /* Release */,
			);
			defaultConfigurationIsVisible = 0;
			defaultConfigurationName = Release;
		};
		082BA9BF25A1EA7B00F4CC81 /* Build configuration list for PBXNativeTarget "LazyGrid" */ = {
			isa = XCConfigurationList;
			buildConfigurations = (
				082BA9C025A1EA7B00F4CC81 /* Debug */,
				082BA9C125A1EA7B00F4CC81 /* Release */,
			);
			defaultConfigurationIsVisible = 0;
			defaultConfigurationName = Release;
		};
		082BA9C225A1EA7B00F4CC81 /* Build configuration list for PBXNativeTarget "LazyGridTests" */ = {
			isa = XCConfigurationList;
			buildConfigurations = (
				082BA9C325A1EA7B00F4CC81 /* Debug */,
				082BA9C425A1EA7B00F4CC81 /* Release */,
			);
			defaultConfigurationIsVisible = 0;
			defaultConfigurationName = Release;
		};
		082BA9C525A1EA7B00F4CC81 /* Build configuration list for PBXNativeTarget "LazyGridUITests" */ = {
			isa = XCConfigurationList;
			buildConfigurations = (
				082BA9C625A1EA7B00F4CC81 /* Debug */,
				082BA9C725A1EA7B00F4CC81 /* Release */,
			);
			defaultConfigurationIsVisible = 0;
			defaultConfigurationName = Release;
		};
/* End XCConfigurationList section */

/* Begin XCVersionGroup section */
		082BA99B25A1EA7A00F4CC81 /* LazyGrid.xcdatamodeld */ = {
			isa = XCVersionGroup;
			children = (
				082BA99C25A1EA7A00F4CC81 /* LazyGrid.xcdatamodel */,
			);
			currentVersion = 082BA99C25A1EA7A00F4CC81 /* LazyGrid.xcdatamodel */;
			path = LazyGrid.xcdatamodeld;
			sourceTree = "<group>";
			versionGroupType = wrapper.xcdatamodel;
		};
/* End XCVersionGroup section */
	};
	rootObject = 082BA98A25A1EA7900F4CC81 /* Project object */;
}
